
Microsoft Visual Studio Solution File, Format Version 12.00
# Visual Studio Version 16
VisualStudioVersion = 16.0.32228.343
MinimumVisualStudioVersion = 10.0.40219.1
Project("{FAE04EC0-301F-11D3-BF4B-00C04F79EFBC}") = "cut_gif", "cut_gif\cut_gif.csproj", "{6B2371BD-B988-45A7-A72B-BC6E0FB3175B}"
EndProject
Global
	GlobalSection(SolutionConfigurationPlatforms) = preSolution
		Debug|Any CPU = Debug|Any CPU
		Release|Any CPU = Release|Any CPU
	EndGlobalSection
	GlobalSection(ProjectConfigurationPlatforms) = postSolution
		{6B2371BD-B988-45A7-A72B-BC6E0FB3175B}.Debug|Any CPU.ActiveCfg = Debug|Any CPU
		{6B2371BD-B988-45A7-A72B-BC6E0FB3175B}.Debug|Any CPU.Build.0 = Debug|Any CPU
		{6B2371BD-B988-45A7-A72B-BC6E0FB3175B}.Release|Any CPU.ActiveCfg = Release|Any CPU
		{6B2371BD-B988-45A7-A72B-BC6E0FB3175B}.Release|Any CPU.Build.0 = Release|Any CPU
	EndGlobalSection
	GlobalSection(SolutionProperties) = preSolution
		HideSolutionNode = FALSE
	EndGlobalSection
	GlobalSection(ExtensibilityGlobals) = postSolution
		SolutionGuid = {FB3A08D2-F9B2-4A40-8502-9477C41381C3}
	EndGlobalSection
EndGlobal
